// !$*UTF8*$!
{
	archiveVersion = 1;
	classes = {
	};
	objectVersion = 50;
	objects = {

/* Begin PBXBuildFile section */
		8648C878262DD0CC0062BCDF /* Course.swift in Sources */ = {isa = PBXBuildFile; fileRef = 8648C877262DD0CC0062BCDF /* Course.swift */; };
		864E1906262DBEF30065CF5A /* UserActionCollectionViewCell.swift in Sources */ = {isa = PBXBuildFile; fileRef = 864E1905262DBEF30065CF5A /* UserActionCollectionViewCell.swift */; };
		869A0BB5262C7A290000E250 /* AppDelegate.swift in Sources */ = {isa = PBXBuildFile; fileRef = 869A0BB4262C7A290000E250 /* AppDelegate.swift */; };
		869A0BB7262C7A290000E250 /* SceneDelegate.swift in Sources */ = {isa = PBXBuildFile; fileRef = 869A0BB6262C7A290000E250 /* SceneDelegate.swift */; };
		869A0BBC262C7A290000E250 /* Main.storyboard in Resources */ = {isa = PBXBuildFile; fileRef = 869A0BBA262C7A290000E250 /* Main.storyboard */; };
		869A0BBE262C7A2A0000E250 /* Assets.xcassets in Resources */ = {isa = PBXBuildFile; fileRef = 869A0BBD262C7A2A0000E250 /* Assets.xcassets */; };
		869A0BC1262C7A2A0000E250 /* LaunchScreen.storyboard in Resources */ = {isa = PBXBuildFile; fileRef = 869A0BBF262C7A2A0000E250 /* LaunchScreen.storyboard */; };
		869A0BCA262C7ACA0000E250 /* MainCollectionViewController.swift in Sources */ = {isa = PBXBuildFile; fileRef = 869A0BC9262C7ACA0000E250 /* MainCollectionViewController.swift */; };
		869A0BCE262C7DCD0000E250 /* ImageViewController.swift in Sources */ = {isa = PBXBuildFile; fileRef = 869A0BCD262C7DCD0000E250 /* ImageViewController.swift */; };
		869A0BD1262C80580000E250 /* CourseTableViewController.swift in Sources */ = {isa = PBXBuildFile; fileRef = 869A0BD0262C80580000E250 /* CourseTableViewController.swift */; };
		869A0BD4262C80910000E250 /* CourseTableViewCell.swift in Sources */ = {isa = PBXBuildFile; fileRef = 869A0BD3262C80910000E250 /* CourseTableViewCell.swift */; };
/* End PBXBuildFile section */

/* Begin PBXFileReference section */
		8648C877262DD0CC0062BCDF /* Course.swift */ = {isa = PBXFileReference; lastKnownFileType = sourcecode.swift; path = Course.swift; sourceTree = "<group>"; };
		864E1905262DBEF30065CF5A /* UserActionCollectionViewCell.swift */ = {isa = PBXFileReference; lastKnownFileType = sourcecode.swift; path = UserActionCollectionViewCell.swift; sourceTree = "<group>"; };
		869A0BB1262C7A290000E250 /* NetworkApp.app */ = {isa = PBXFileReference; explicitFileType = wrapper.application; includeInIndex = 0; path = NetworkApp.app; sourceTree = BUILT_PRODUCTS_DIR; };
		869A0BB4262C7A290000E250 /* AppDelegate.swift */ = {isa = PBXFileReference; lastKnownFileType = sourcecode.swift; path = AppDelegate.swift; sourceTree = "<group>"; };
		869A0BB6262C7A290000E250 /* SceneDelegate.swift */ = {isa = PBXFileReference; lastKnownFileType = sourcecode.swift; path = SceneDelegate.swift; sourceTree = "<group>"; };
		869A0BBB262C7A290000E250 /* Base */ = {isa = PBXFileReference; lastKnownFileType = file.storyboard; name = Base; path = Base.lproj/Main.storyboard; sourceTree = "<group>"; };
		869A0BBD262C7A2A0000E250 /* Assets.xcassets */ = {isa = PBXFileReference; lastKnownFileType = folder.assetcatalog; path = Assets.xcassets; sourceTree = "<group>"; };
		869A0BC0262C7A2A0000E250 /* Base */ = {isa = PBXFileReference; lastKnownFileType = file.storyboard; name = Base; path = Base.lproj/LaunchScreen.storyboard; sourceTree = "<group>"; };
		869A0BC2262C7A2A0000E250 /* Info.plist */ = {isa = PBXFileReference; lastKnownFileType = text.plist.xml; path = Info.plist; sourceTree = "<group>"; };
		869A0BC9262C7ACA0000E250 /* MainCollectionViewController.swift */ = {isa = PBXFileReference; lastKnownFileType = sourcecode.swift; path = MainCollectionViewController.swift; sourceTree = "<group>"; };
		869A0BCD262C7DCD0000E250 /* ImageViewController.swift */ = {isa = PBXFileReference; lastKnownFileType = sourcecode.swift; path = ImageViewController.swift; sourceTree = "<group>"; };
		869A0BD0262C80580000E250 /* CourseTableViewController.swift */ = {isa = PBXFileReference; lastKnownFileType = sourcecode.swift; path = CourseTableViewController.swift; sourceTree = "<group>"; };
		869A0BD3262C80910000E250 /* CourseTableViewCell.swift */ = {isa = PBXFileReference; lastKnownFileType = sourcecode.swift; path = CourseTableViewCell.swift; sourceTree = "<group>"; };
/* End PBXFileReference section */

/* Begin PBXFrameworksBuildPhase section */
		869A0BAE262C7A290000E250 /* Frameworks */ = {
			isa = PBXFrameworksBuildPhase;
			buildActionMask = 2147483647;
			files = (
			);
			runOnlyForDeploymentPostprocessing = 0;
		};
/* End PBXFrameworksBuildPhase section */

/* Begin PBXGroup section */
		8648C87A262DD0CF0062BCDF /* Model */ = {
			isa = PBXGroup;
			children = (
				8648C877262DD0CC0062BCDF /* Course.swift */,
			);
			path = Model;
			sourceTree = "<group>";
		};
		8648C87E262DD3740062BCDF /* SupportingFiles */ = {
			isa = PBXGroup;
			children = (
				869A0BB4262C7A290000E250 /* AppDelegate.swift */,
				869A0BB6262C7A290000E250 /* SceneDelegate.swift */,
				869A0BC2262C7A2A0000E250 /* Info.plist */,
			);
			path = SupportingFiles;
			sourceTree = "<group>";
		};
		8648C880262DD3830062BCDF /* Sources */ = {
			isa = PBXGroup;
			children = (
				869A0BBD262C7A2A0000E250 /* Assets.xcassets */,
			);
			path = Sources;
			sourceTree = "<group>";
		};
		8648C881262DD38E0062BCDF /* Storyboards */ = {
			isa = PBXGroup;
			children = (
				869A0BBA262C7A290000E250 /* Main.storyboard */,
				869A0BBF262C7A2A0000E250 /* LaunchScreen.storyboard */,
			);
			path = Storyboards;
			sourceTree = "<group>";
		};
		864E1908262DCC5D0065CF5A /* ViewCotrollers */ = {
			isa = PBXGroup;
			children = (
				869A0BC9262C7ACA0000E250 /* MainCollectionViewController.swift */,
				869A0BCD262C7DCD0000E250 /* ImageViewController.swift */,
				869A0BD0262C80580000E250 /* CourseTableViewController.swift */,
			);
			path = ViewCotrollers;
			sourceTree = "<group>";
		};
		864E1909262DCC820065CF5A /* ViewCells */ = {
			isa = PBXGroup;
			children = (
				869A0BD3262C80910000E250 /* CourseTableViewCell.swift */,
				864E1905262DBEF30065CF5A /* UserActionCollectionViewCell.swift */,
			);
			path = ViewCells;
			sourceTree = "<group>";
		};
		869A0BA8262C7A290000E250 = {
			isa = PBXGroup;
			children = (
				869A0BB3262C7A290000E250 /* NetworkApp */,
				869A0BB2262C7A290000E250 /* Products */,
			);
			sourceTree = "<group>";
		};
		869A0BB2262C7A290000E250 /* Products */ = {
			isa = PBXGroup;
			children = (
				869A0BB1262C7A290000E250 /* NetworkApp.app */,
			);
			name = Products;
			sourceTree = "<group>";
		};
		869A0BB3262C7A290000E250 /* NetworkApp */ = {
			isa = PBXGroup;
			children = (
				8648C87E262DD3740062BCDF /* SupportingFiles */,
				864E1908262DCC5D0065CF5A /* ViewCotrollers */,
				864E1909262DCC820065CF5A /* ViewCells */,
				8648C87A262DD0CF0062BCDF /* Model */,
				8648C881262DD38E0062BCDF /* Storyboards */,
				8648C880262DD3830062BCDF /* Sources */,
			);
			path = NetworkApp;
			sourceTree = "<group>";
		};
/* End PBXGroup section */

/* Begin PBXNativeTarget section */
		869A0BB0262C7A290000E250 /* NetworkApp */ = {
			isa = PBXNativeTarget;
			buildConfigurationList = 869A0BC5262C7A2A0000E250 /* Build configuration list for PBXNativeTarget "NetworkApp" */;
			buildPhases = (
				869A0BAD262C7A290000E250 /* Sources */,
				869A0BAE262C7A290000E250 /* Frameworks */,
				869A0BAF262C7A290000E250 /* Resources */,
			);
			buildRules = (
			);
			dependencies = (
			);
			name = NetworkApp;
			productName = NetworkApp;
			productReference = 869A0BB1262C7A290000E250 /* NetworkApp.app */;
			productType = "com.apple.product-type.application";
		};
/* End PBXNativeTarget section */

/* Begin PBXProject section */
		869A0BA9262C7A290000E250 /* Project object */ = {
			isa = PBXProject;
			attributes = {
				LastSwiftUpdateCheck = 1240;
				LastUpgradeCheck = 1240;
				TargetAttributes = {
					869A0BB0262C7A290000E250 = {
						CreatedOnToolsVersion = 12.4;
					};
				};
			};
			buildConfigurationList = 869A0BAC262C7A290000E250 /* Build configuration list for PBXProject "NetworkApp" */;
			compatibilityVersion = "Xcode 9.3";
			developmentRegion = en;
			hasScannedForEncodings = 0;
			knownRegions = (
				en,
				Base,
			);
			mainGroup = 869A0BA8262C7A290000E250;
			productRefGroup = 869A0BB2262C7A290000E250 /* Products */;
			projectDirPath = "";
			projectRoot = "";
			targets = (
				869A0BB0262C7A290000E250 /* NetworkApp */,
			);
		};
/* End PBXProject section */

/* Begin PBXResourcesBuildPhase section */
		869A0BAF262C7A290000E250 /* Resources */ = {
			isa = PBXResourcesBuildPhase;
			buildActionMask = 2147483647;
			files = (
				869A0BC1262C7A2A0000E250 /* LaunchScreen.storyboard in Resources */,
				869A0BBE262C7A2A0000E250 /* Assets.xcassets in Resources */,
				869A0BBC262C7A290000E250 /* Main.storyboard in Resources */,
			);
			runOnlyForDeploymentPostprocessing = 0;
		};
/* End PBXResourcesBuildPhase section */

/* Begin PBXSourcesBuildPhase section */
		869A0BAD262C7A290000E250 /* Sources */ = {
			isa = PBXSourcesBuildPhase;
			buildActionMask = 2147483647;
			files = (
				8648C878262DD0CC0062BCDF /* Course.swift in Sources */,
				869A0BD1262C80580000E250 /* CourseTableViewController.swift in Sources */,
				864E1906262DBEF30065CF5A /* UserActionCollectionViewCell.swift in Sources */,
				869A0BCA262C7ACA0000E250 /* MainCollectionViewController.swift in Sources */,
				869A0BD4262C80910000E250 /* CourseTableViewCell.swift in Sources */,
				869A0BB5262C7A290000E250 /* AppDelegate.swift in Sources */,
				869A0BCE262C7DCD0000E250 /* ImageViewController.swift in Sources */,
				869A0BB7262C7A290000E250 /* SceneDelegate.swift in Sources */,
			);
			runOnlyForDeploymentPostprocessing = 0;
		};
/* End PBXSourcesBuildPhase section */

/* Begin PBXVariantGroup section */
		869A0BBA262C7A290000E250 /* Main.storyboard */ = {
			isa = PBXVariantGroup;
			children = (
				869A0BBB262C7A290000E250 /* Base */,
			);
			name = Main.storyboard;
			sourceTree = "<group>";
		};
		869A0BBF262C7A2A0000E250 /* LaunchScreen.storyboard */ = {
			isa = PBXVariantGroup;
			children = (
				869A0BC0262C7A2A0000E250 /* Base */,
			);
			name = LaunchScreen.storyboard;
			sourceTree = "<group>";
		};
/* End PBXVariantGroup section */

/* Begin XCBuildConfiguration section */
		869A0BC3262C7A2A0000E250 /* Debug */ = {
			isa = XCBuildConfiguration;
			buildSettings = {
				ALWAYS_SEARCH_USER_PATHS = NO;
				CLANG_ANALYZER_NONNULL = YES;
				CLANG_ANALYZER_NUMBER_OBJECT_CONVERSION = YES_AGGRESSIVE;
				CLANG_CXX_LANGUAGE_STANDARD = "gnu++14";
				CLANG_CXX_LIBRARY = "libc++";
				CLANG_ENABLE_MODULES = YES;
				CLANG_ENABLE_OBJC_ARC = YES;
				CLANG_ENABLE_OBJC_WEAK = YES;
				CLANG_WARN_BLOCK_CAPTURE_AUTORELEASING = YES;
				CLANG_WARN_BOOL_CONVERSION = YES;
				CLANG_WARN_COMMA = YES;
				CLANG_WARN_CONSTANT_CONVERSION = YES;
				CLANG_WARN_DEPRECATED_OBJC_IMPLEMENTATIONS = YES;
				CLANG_WARN_DIRECT_OBJC_ISA_USAGE = YES_ERROR;
				CLANG_WARN_DOCUMENTATION_COMMENTS = YES;
				CLANG_WARN_EMPTY_BODY = YES;
				CLANG_WARN_ENUM_CONVERSION = YES;
				CLANG_WARN_INFINITE_RECURSION = YES;
				CLANG_WARN_INT_CONVERSION = YES;
				CLANG_WARN_NON_LITERAL_NULL_CONVERSION = YES;
				CLANG_WARN_OBJC_IMPLICIT_RETAIN_SELF = YES;
				CLANG_WARN_OBJC_LITERAL_CONVERSION = YES;
				CLANG_WARN_OBJC_ROOT_CLASS = YES_ERROR;
				CLANG_WARN_QUOTED_INCLUDE_IN_FRAMEWORK_HEADER = YES;
				CLANG_WARN_RANGE_LOOP_ANALYSIS = YES;
				CLANG_WARN_STRICT_PROTOTYPES = YES;
				CLANG_WARN_SUSPICIOUS_MOVE = YES;
				CLANG_WARN_UNGUARDED_AVAILABILITY = YES_AGGRESSIVE;
				CLANG_WARN_UNREACHABLE_CODE = YES;
				CLANG_WARN__DUPLICATE_METHOD_MATCH = YES;
				COPY_PHASE_STRIP = NO;
				DEBUG_INFORMATION_FORMAT = dwarf;
				ENABLE_STRICT_OBJC_MSGSEND = YES;
				ENABLE_TESTABILITY = YES;
				GCC_C_LANGUAGE_STANDARD = gnu11;
				GCC_DYNAMIC_NO_PIC = NO;
				GCC_NO_COMMON_BLOCKS = YES;
				GCC_OPTIMIZATION_LEVEL = 0;
				GCC_PREPROCESSOR_DEFINITIONS = (
					"DEBUG=1",
					"$(inherited)",
				);
				GCC_WARN_64_TO_32_BIT_CONVERSION = YES;
				GCC_WARN_ABOUT_RETURN_TYPE = YES_ERROR;
				GCC_WARN_UNDECLARED_SELECTOR = YES;
				GCC_WARN_UNINITIALIZED_AUTOS = YES_AGGRESSIVE;
				GCC_WARN_UNUSED_FUNCTION = YES;
				GCC_WARN_UNUSED_VARIABLE = YES;
				IPHONEOS_DEPLOYMENT_TARGET = 14.4;
				MTL_ENABLE_DEBUG_INFO = INCLUDE_SOURCE;
				MTL_FAST_MATH = YES;
				ONLY_ACTIVE_ARCH = YES;
				SDKROOT = iphoneos;
				SWIFT_ACTIVE_COMPILATION_CONDITIONS = DEBUG;
				SWIFT_OPTIMIZATION_LEVEL = "-Onone";
			};
			name = Debug;
		};
		869A0BC4262C7A2A0000E250 /* Release */ = {
			isa = XCBuildConfiguration;
			buildSettings = {
				ALWAYS_SEARCH_USER_PATHS = NO;
				CLANG_ANALYZER_NONNULL = YES;
				CLANG_ANALYZER_NUMBER_OBJECT_CONVERSION = YES_AGGRESSIVE;
				CLANG_CXX_LANGUAGE_STANDARD = "gnu++14";
				CLANG_CXX_LIBRARY = "libc++";
				CLANG_ENABLE_MODULES = YES;
				CLANG_ENABLE_OBJC_ARC = YES;
				CLANG_ENABLE_OBJC_WEAK = YES;
				CLANG_WARN_BLOCK_CAPTURE_AUTORELEASING = YES;
				CLANG_WARN_BOOL_CONVERSION = YES;
				CLANG_WARN_COMMA = YES;
				CLANG_WARN_CONSTANT_CONVERSION = YES;
				CLANG_WARN_DEPRECATED_OBJC_IMPLEMENTATIONS = YES;
				CLANG_WARN_DIRECT_OBJC_ISA_USAGE = YES_ERROR;
				CLANG_WARN_DOCUMENTATION_COMMENTS = YES;
				CLANG_WARN_EMPTY_BODY = YES;
				CLANG_WARN_ENUM_CONVERSION = YES;
				CLANG_WARN_INFINITE_RECURSION = YES;
				CLANG_WARN_INT_CONVERSION = YES;
				CLANG_WARN_NON_LITERAL_NULL_CONVERSION = YES;
				CLANG_WARN_OBJC_IMPLICIT_RETAIN_SELF = YES;
				CLANG_WARN_OBJC_LITERAL_CONVERSION = YES;
				CLANG_WARN_OBJC_ROOT_CLASS = YES_ERROR;
				CLANG_WARN_QUOTED_INCLUDE_IN_FRAMEWORK_HEADER = YES;
				CLANG_WARN_RANGE_LOOP_ANALYSIS = YES;
				CLANG_WARN_STRICT_PROTOTYPES = YES;
				CLANG_WARN_SUSPICIOUS_MOVE = YES;
				CLANG_WARN_UNGUARDED_AVAILABILITY = YES_AGGRESSIVE;
				CLANG_WARN_UNREACHABLE_CODE = YES;
				CLANG_WARN__DUPLICATE_METHOD_MATCH = YES;
				COPY_PHASE_STRIP = NO;
				DEBUG_INFORMATION_FORMAT = "dwarf-with-dsym";
				ENABLE_NS_ASSERTIONS = NO;
				ENABLE_STRICT_OBJC_MSGSEND = YES;
				GCC_C_LANGUAGE_STANDARD = gnu11;
				GCC_NO_COMMON_BLOCKS = YES;
				GCC_WARN_64_TO_32_BIT_CONVERSION = YES;
				GCC_WARN_ABOUT_RETURN_TYPE = YES_ERROR;
				GCC_WARN_UNDECLARED_SELECTOR = YES;
				GCC_WARN_UNINITIALIZED_AUTOS = YES_AGGRESSIVE;
				GCC_WARN_UNUSED_FUNCTION = YES;
				GCC_WARN_UNUSED_VARIABLE = YES;
				IPHONEOS_DEPLOYMENT_TARGET = 14.4;
				MTL_ENABLE_DEBUG_INFO = NO;
				MTL_FAST_MATH = YES;
				SDKROOT = iphoneos;
				SWIFT_COMPILATION_MODE = wholemodule;
				SWIFT_OPTIMIZATION_LEVEL = "-O";
				VALIDATE_PRODUCT = YES;
			};
			name = Release;
		};
		869A0BC6262C7A2A0000E250 /* Debug */ = {
			isa = XCBuildConfiguration;
			buildSettings = {
				ASSETCATALOG_COMPILER_APPICON_NAME = AppIcon;
				ASSETCATALOG_COMPILER_GLOBAL_ACCENT_COLOR_NAME = AccentColor;
				CODE_SIGN_STYLE = Automatic;
				DEVELOPMENT_TEAM = D28YKYJC2T;
				INFOPLIST_FILE = NetworkApp/SupportingFiles/Info.plist;
				LD_RUNPATH_SEARCH_PATHS = (
					"$(inherited)",
					"@executable_path/Frameworks",
				);
				PRODUCT_BUNDLE_IDENTIFIER = ru.vladislavcheremisov.NetworkApp;
				PRODUCT_NAME = "$(TARGET_NAME)";
				SWIFT_VERSION = 5.0;
				TARGETED_DEVICE_FAMILY = "1,2";
			};
			name = Debug;
		};
		869A0BC7262C7A2A0000E250 /* Release */ = {
			isa = XCBuildConfiguration;
			buildSettings = {
				ASSETCATALOG_COMPILER_APPICON_NAME = AppIcon;
				ASSETCATALOG_COMPILER_GLOBAL_ACCENT_COLOR_NAME = AccentColor;
				CODE_SIGN_STYLE = Automatic;
				DEVELOPMENT_TEAM = D28YKYJC2T;
				INFOPLIST_FILE = NetworkApp/SupportingFiles/Info.plist;
				LD_RUNPATH_SEARCH_PATHS = (
					"$(inherited)",
					"@executable_path/Frameworks",
				);
				PRODUCT_BUNDLE_IDENTIFIER = ru.vladislavcheremisov.NetworkApp;
				PRODUCT_NAME = "$(TARGET_NAME)";
				SWIFT_VERSION = 5.0;
				TARGETED_DEVICE_FAMILY = "1,2";
			};
			name = Release;
		};
/* End XCBuildConfiguration section */

/* Begin XCConfigurationList section */
		869A0BAC262C7A290000E250 /* Build configuration list for PBXProject "NetworkApp" */ = {
			isa = XCConfigurationList;
			buildConfigurations = (
				869A0BC3262C7A2A0000E250 /* Debug */,
				869A0BC4262C7A2A0000E250 /* Release */,
			);
			defaultConfigurationIsVisible = 0;
			defaultConfigurationName = Release;
		};
		869A0BC5262C7A2A0000E250 /* Build configuration list for PBXNativeTarget "NetworkApp" */ = {
			isa = XCConfigurationList;
			buildConfigurations = (
				869A0BC6262C7A2A0000E250 /* Debug */,
				869A0BC7262C7A2A0000E250 /* Release */,
			);
			defaultConfigurationIsVisible = 0;
			defaultConfigurationName = Release;
		};
/* End XCConfigurationList section */
	};
	rootObject = 869A0BA9262C7A290000E250 /* Project object */;
}
